
Microsoft Visual Studio Solution File, Format Version 12.00
# Visual Studio Version 16
VisualStudioVersion = 16.0.29920.165
MinimumVisualStudioVersion = 10.0.40219.1
Project("{9A19103F-16F7-4668-BE54-9A1E7A4F7556}") = "WebBill.AppSolution", "WebBill.AppSolution\WebBill.AppSolution.csproj", "{64BE3FD7-3722-44C9-A342-1E30861A7F88}"
EndProject
Project("{2150E333-8FDC-42A3-9474-1A3956D46DE8}") = "Solution Items", "Solution Items", "{E657D3A6-5BAC-4330-B174-68A9A7A2BF31}"
	ProjectSection(SolutionItems) = preProject
		README.md = README.md
	EndProjectSection
EndProject
Project("{FAE04EC0-301F-11D3-BF4B-00C04F79EFBC}") = "WebBill.Data", "WebBill.Data\WebBill.Data.csproj", "{8146655B-8717-44AF-B1EC-067D6FA9FB59}"
EndProject
Project("{FAE04EC0-301F-11D3-BF4B-00C04F79EFBC}") = "WebBill.Application", "WebBill.Application\WebBill.Application.csproj", "{566ADBD1-C1F3-44AE-9165-310E8FA7470C}"
EndProject
Global
	GlobalSection(SolutionConfigurationPlatforms) = preSolution
		Debug|Any CPU = Debug|Any CPU
		Release|Any CPU = Release|Any CPU
	EndGlobalSection
	GlobalSection(ProjectConfigurationPlatforms) = postSolution
		{64BE3FD7-3722-44C9-A342-1E30861A7F88}.Debug|Any CPU.ActiveCfg = Debug|Any CPU
		{64BE3FD7-3722-44C9-A342-1E30861A7F88}.Debug|Any CPU.Build.0 = Debug|Any CPU
		{64BE3FD7-3722-44C9-A342-1E30861A7F88}.Release|Any CPU.ActiveCfg = Release|Any CPU
		{64BE3FD7-3722-44C9-A342-1E30861A7F88}.Release|Any CPU.Build.0 = Release|Any CPU
		{8146655B-8717-44AF-B1EC-067D6FA9FB59}.Debug|Any CPU.ActiveCfg = Debug|Any CPU
		{8146655B-8717-44AF-B1EC-067D6FA9FB59}.Debug|Any CPU.Build.0 = Debug|Any CPU
		{8146655B-8717-44AF-B1EC-067D6FA9FB59}.Release|Any CPU.ActiveCfg = Release|Any CPU
		{8146655B-8717-44AF-B1EC-067D6FA9FB59}.Release|Any CPU.Build.0 = Release|Any CPU
		{566ADBD1-C1F3-44AE-9165-310E8FA7470C}.Debug|Any CPU.ActiveCfg = Debug|Any CPU
		{566ADBD1-C1F3-44AE-9165-310E8FA7470C}.Debug|Any CPU.Build.0 = Debug|Any CPU
		{566ADBD1-C1F3-44AE-9165-310E8FA7470C}.Release|Any CPU.ActiveCfg = Release|Any CPU
		{566ADBD1-C1F3-44AE-9165-310E8FA7470C}.Release|Any CPU.Build.0 = Release|Any CPU
	EndGlobalSection
	GlobalSection(SolutionProperties) = preSolution
		HideSolutionNode = FALSE
	EndGlobalSection
	GlobalSection(ExtensibilityGlobals) = postSolution
		SolutionGuid = {EF9BD39D-E463-4F62-A607-302D0ADF6D8D}
	EndGlobalSection
EndGlobal
